
Microsoft Visual Studio Solution File, Format Version 12.00
# Visual Studio 2012
Project("{FAE04EC0-301F-11D3-BF4B-00C04F79EFBC}") = "LordJZ", "LordJZ\LordJZ.csproj", "{BCBF18DB-31A8-4553-BCBF-77D6C7790259}"
EndProject
Project("{FAE04EC0-301F-11D3-BF4B-00C04F79EFBC}") = "LordJZ.Presentation", "LordJZ.Presentation\LordJZ.Presentation.csproj", "{DC0D7136-5F0D-4FBD-BD8D-B4F28DC10C11}"
EndProject
Project("{2150E333-8FDC-42A3-9474-1A3956D46DE8}") = "UnitTests", "UnitTests", "{475A54F5-88A0-454E-92BF-3DE5472EF134}"
EndProject
Project("{FAE04EC0-301F-11D3-BF4B-00C04F79EFBC}") = "LordJZ.Tests", "LordJZ.Tests\LordJZ.Tests.csproj", "{9AD0F1B4-0287-4E8D-9BBE-6A2738EF8063}"
EndProject
Project("{FAE04EC0-301F-11D3-BF4B-00C04F79EFBC}") = "LordJZ.WinAPI", "LordJZ.WinAPI\LordJZ.WinAPI.csproj", "{44947934-AC3F-40E0-9303-21EF5975FD7F}"
EndProject
Project("{2150E333-8FDC-42A3-9474-1A3956D46DE8}") = "Libraries", "Libraries", "{55933D86-EAA3-48B4-9D69-9A4A384D7C61}"
EndProject
Global
	GlobalSection(SolutionConfigurationPlatforms) = preSolution
		Debug No Contracts|Any CPU = Debug No Contracts|Any CPU
		Debug|Any CPU = Debug|Any CPU
		Release|Any CPU = Release|Any CPU
	EndGlobalSection
	GlobalSection(ProjectConfigurationPlatforms) = postSolution
		{BCBF18DB-31A8-4553-BCBF-77D6C7790259}.Debug No Contracts|Any CPU.ActiveCfg = Debug No Contracts|Any CPU
		{BCBF18DB-31A8-4553-BCBF-77D6C7790259}.Debug No Contracts|Any CPU.Build.0 = Debug No Contracts|Any CPU
		{BCBF18DB-31A8-4553-BCBF-77D6C7790259}.Debug|Any CPU.ActiveCfg = Debug|Any CPU
		{BCBF18DB-31A8-4553-BCBF-77D6C7790259}.Debug|Any CPU.Build.0 = Debug|Any CPU
		{BCBF18DB-31A8-4553-BCBF-77D6C7790259}.Release|Any CPU.ActiveCfg = Release|Any CPU
		{BCBF18DB-31A8-4553-BCBF-77D6C7790259}.Release|Any CPU.Build.0 = Release|Any CPU
		{DC0D7136-5F0D-4FBD-BD8D-B4F28DC10C11}.Debug No Contracts|Any CPU.ActiveCfg = Debug No Contracts|Any CPU
		{DC0D7136-5F0D-4FBD-BD8D-B4F28DC10C11}.Debug No Contracts|Any CPU.Build.0 = Debug No Contracts|Any CPU
		{DC0D7136-5F0D-4FBD-BD8D-B4F28DC10C11}.Debug|Any CPU.ActiveCfg = Debug|Any CPU
		{DC0D7136-5F0D-4FBD-BD8D-B4F28DC10C11}.Debug|Any CPU.Build.0 = Debug|Any CPU
		{DC0D7136-5F0D-4FBD-BD8D-B4F28DC10C11}.Release|Any CPU.ActiveCfg = Release|Any CPU
		{DC0D7136-5F0D-4FBD-BD8D-B4F28DC10C11}.Release|Any CPU.Build.0 = Release|Any CPU
		{9AD0F1B4-0287-4E8D-9BBE-6A2738EF8063}.Debug No Contracts|Any CPU.ActiveCfg = Debug|Any CPU
		{9AD0F1B4-0287-4E8D-9BBE-6A2738EF8063}.Debug No Contracts|Any CPU.Build.0 = Debug|Any CPU
		{9AD0F1B4-0287-4E8D-9BBE-6A2738EF8063}.Debug|Any CPU.ActiveCfg = Debug|Any CPU
		{9AD0F1B4-0287-4E8D-9BBE-6A2738EF8063}.Debug|Any CPU.Build.0 = Debug|Any CPU
		{9AD0F1B4-0287-4E8D-9BBE-6A2738EF8063}.Release|Any CPU.ActiveCfg = Release|Any CPU
		{9AD0F1B4-0287-4E8D-9BBE-6A2738EF8063}.Release|Any CPU.Build.0 = Release|Any CPU
		{44947934-AC3F-40E0-9303-21EF5975FD7F}.Debug No Contracts|Any CPU.ActiveCfg = Debug No Contracts|Any CPU
		{44947934-AC3F-40E0-9303-21EF5975FD7F}.Debug No Contracts|Any CPU.Build.0 = Debug No Contracts|Any CPU
		{44947934-AC3F-40E0-9303-21EF5975FD7F}.Debug|Any CPU.ActiveCfg = Debug|Any CPU
		{44947934-AC3F-40E0-9303-21EF5975FD7F}.Debug|Any CPU.Build.0 = Debug|Any CPU
		{44947934-AC3F-40E0-9303-21EF5975FD7F}.Release|Any CPU.ActiveCfg = Release|Any CPU
		{44947934-AC3F-40E0-9303-21EF5975FD7F}.Release|Any CPU.Build.0 = Release|Any CPU
	EndGlobalSection
	GlobalSection(SolutionProperties) = preSolution
		HideSolutionNode = FALSE
	EndGlobalSection
	GlobalSection(NestedProjects) = preSolution
		{DC0D7136-5F0D-4FBD-BD8D-B4F28DC10C11} = {55933D86-EAA3-48B4-9D69-9A4A384D7C61}
		{44947934-AC3F-40E0-9303-21EF5975FD7F} = {55933D86-EAA3-48B4-9D69-9A4A384D7C61}
		{BCBF18DB-31A8-4553-BCBF-77D6C7790259} = {55933D86-EAA3-48B4-9D69-9A4A384D7C61}
		{9AD0F1B4-0287-4E8D-9BBE-6A2738EF8063} = {475A54F5-88A0-454E-92BF-3DE5472EF134}
	EndGlobalSection
EndGlobal
